// !$*UTF8*$!
{
	archiveVersion = 1;
	classes = {
	};
	objectVersion = 46;
	objects = {

/* Begin PBXBuildFile section */
		0A75F8F885234F53BC47BDDE /* libPods-NXInstagramViewer.a in Frameworks */ = {isa = PBXBuildFile; fileRef = 6AB54C14285040D7A19D4C5B /* libPods-NXInstagramViewer.a */; };
		4133CBC71971A4E700E59906 /* Foundation.framework in Frameworks */ = {isa = PBXBuildFile; fileRef = 4133CBC61971A4E700E59906 /* Foundation.framework */; };
		4133CBC91971A4E700E59906 /* CoreGraphics.framework in Frameworks */ = {isa = PBXBuildFile; fileRef = 4133CBC81971A4E700E59906 /* CoreGraphics.framework */; };
		4133CBCB1971A4E700E59906 /* UIKit.framework in Frameworks */ = {isa = PBXBuildFile; fileRef = 4133CBCA1971A4E700E59906 /* UIKit.framework */; };
		4133CBD11971A4E700E59906 /* InfoPlist.strings in Resources */ = {isa = PBXBuildFile; fileRef = 4133CBCF1971A4E700E59906 /* InfoPlist.strings */; };
		4133CBD31971A4E700E59906 /* main.m in Sources */ = {isa = PBXBuildFile; fileRef = 4133CBD21971A4E700E59906 /* main.m */; };
		4133CBD71971A4E700E59906 /* NXAppDelegate.m in Sources */ = {isa = PBXBuildFile; fileRef = 4133CBD61971A4E700E59906 /* NXAppDelegate.m */; };
		4133CBD91971A4E700E59906 /* Images.xcassets in Resources */ = {isa = PBXBuildFile; fileRef = 4133CBD81971A4E700E59906 /* Images.xcassets */; };
		4133CBE01971A4E700E59906 /* XCTest.framework in Frameworks */ = {isa = PBXBuildFile; fileRef = 4133CBDF1971A4E700E59906 /* XCTest.framework */; };
		4133CBE11971A4E700E59906 /* Foundation.framework in Frameworks */ = {isa = PBXBuildFile; fileRef = 4133CBC61971A4E700E59906 /* Foundation.framework */; };
		4133CBE21971A4E700E59906 /* UIKit.framework in Frameworks */ = {isa = PBXBuildFile; fileRef = 4133CBCA1971A4E700E59906 /* UIKit.framework */; };
		4133CBEA1971A4E700E59906 /* InfoPlist.strings in Resources */ = {isa = PBXBuildFile; fileRef = 4133CBE81971A4E700E59906 /* InfoPlist.strings */; };
		4133CBEC1971A4E700E59906 /* NXInstagramViewerTests.m in Sources */ = {isa = PBXBuildFile; fileRef = 4133CBEB1971A4E700E59906 /* NXInstagramViewerTests.m */; };
		4133CBF71971A51700E59906 /* NXRootViewController.m in Sources */ = {isa = PBXBuildFile; fileRef = 4133CBF61971A51700E59906 /* NXRootViewController.m */; };
		4133CBFD1971C01600E59906 /* NXPhotoViewController.m in Sources */ = {isa = PBXBuildFile; fileRef = 4133CBFC1971C01600E59906 /* NXPhotoViewController.m */; };
		4133CC001971D82500E59906 /* NXPhotoCell.m in Sources */ = {isa = PBXBuildFile; fileRef = 4133CBFF1971D82500E59906 /* NXPhotoCell.m */; };
		41E7423A1972A6D200250CC8 /* NXPhotoObject.m in Sources */ = {isa = PBXBuildFile; fileRef = 41E742391972A6D200250CC8 /* NXPhotoObject.m */; };
/* End PBXBuildFile section */

/* Begin PBXContainerItemProxy section */
		4133CBE31971A4E700E59906 /* PBXContainerItemProxy */ = {
			isa = PBXContainerItemProxy;
			containerPortal = 4133CBBB1971A4E700E59906 /* Project object */;
			proxyType = 1;
			remoteGlobalIDString = 4133CBC21971A4E700E59906;
			remoteInfo = NXInstagramViewer;
		};
/* End PBXContainerItemProxy section */

/* Begin PBXFileReference section */
		4133CBC31971A4E700E59906 /* NXInstagramViewer.app */ = {isa = PBXFileReference; explicitFileType = wrapper.application; includeInIndex = 0; path = NXInstagramViewer.app; sourceTree = BUILT_PRODUCTS_DIR; };
		4133CBC61971A4E700E59906 /* Foundation.framework */ = {isa = PBXFileReference; lastKnownFileType = wrapper.framework; name = Foundation.framework; path = System/Library/Frameworks/Foundation.framework; sourceTree = SDKROOT; };
		4133CBC81971A4E700E59906 /* CoreGraphics.framework */ = {isa = PBXFileReference; lastKnownFileType = wrapper.framework; name = CoreGraphics.framework; path = System/Library/Frameworks/CoreGraphics.framework; sourceTree = SDKROOT; };
		4133CBCA1971A4E700E59906 /* UIKit.framework */ = {isa = PBXFileReference; lastKnownFileType = wrapper.framework; name = UIKit.framework; path = System/Library/Frameworks/UIKit.framework; sourceTree = SDKROOT; };
		4133CBCE1971A4E700E59906 /* NXInstagramViewer-Info.plist */ = {isa = PBXFileReference; lastKnownFileType = text.plist.xml; path = "NXInstagramViewer-Info.plist"; sourceTree = "<group>"; };
		4133CBD01971A4E700E59906 /* en */ = {isa = PBXFileReference; lastKnownFileType = text.plist.strings; name = en; path = en.lproj/InfoPlist.strings; sourceTree = "<group>"; };
		4133CBD21971A4E700E59906 /* main.m */ = {isa = PBXFileReference; lastKnownFileType = sourcecode.c.objc; path = main.m; sourceTree = "<group>"; };
		4133CBD41971A4E700E59906 /* NXInstagramViewer-Prefix.pch */ = {isa = PBXFileReference; lastKnownFileType = sourcecode.c.h; path = "NXInstagramViewer-Prefix.pch"; sourceTree = "<group>"; };
		4133CBD51971A4E700E59906 /* NXAppDelegate.h */ = {isa = PBXFileReference; lastKnownFileType = sourcecode.c.h; path = NXAppDelegate.h; sourceTree = "<group>"; };
		4133CBD61971A4E700E59906 /* NXAppDelegate.m */ = {isa = PBXFileReference; lastKnownFileType = sourcecode.c.objc; path = NXAppDelegate.m; sourceTree = "<group>"; };
		4133CBD81971A4E700E59906 /* Images.xcassets */ = {isa = PBXFileReference; lastKnownFileType = folder.assetcatalog; path = Images.xcassets; sourceTree = "<group>"; };
		4133CBDE1971A4E700E59906 /* NXInstagramViewerTests.xctest */ = {isa = PBXFileReference; explicitFileType = wrapper.cfbundle; includeInIndex = 0; path = NXInstagramViewerTests.xctest; sourceTree = BUILT_PRODUCTS_DIR; };
		4133CBDF1971A4E700E59906 /* XCTest.framework */ = {isa = PBXFileReference; lastKnownFileType = wrapper.framework; name = XCTest.framework; path = Library/Frameworks/XCTest.framework; sourceTree = DEVELOPER_DIR; };
		4133CBE71971A4E700E59906 /* NXInstagramViewerTests-Info.plist */ = {isa = PBXFileReference; lastKnownFileType = text.plist.xml; path = "NXInstagramViewerTests-Info.plist"; sourceTree = "<group>"; };
		4133CBE91971A4E700E59906 /* en */ = {isa = PBXFileReference; lastKnownFileType = text.plist.strings; name = en; path = en.lproj/InfoPlist.strings; sourceTree = "<group>"; };
		4133CBEB1971A4E700E59906 /* NXInstagramViewerTests.m */ = {isa = PBXFileReference; lastKnownFileType = sourcecode.c.objc; path = NXInstagramViewerTests.m; sourceTree = "<group>"; };
		4133CBF51971A51700E59906 /* NXRootViewController.h */ = {isa = PBXFileReference; fileEncoding = 4; lastKnownFileType = sourcecode.c.h; path = NXRootViewController.h; sourceTree = "<group>"; };
		4133CBF61971A51700E59906 /* NXRootViewController.m */ = {isa = PBXFileReference; fileEncoding = 4; lastKnownFileType = sourcecode.c.objc; path = NXRootViewController.m; sourceTree = "<group>"; };
		4133CBFB1971C01600E59906 /* NXPhotoViewController.h */ = {isa = PBXFileReference; fileEncoding = 4; lastKnownFileType = sourcecode.c.h; path = NXPhotoViewController.h; sourceTree = "<group>"; };
		4133CBFC1971C01600E59906 /* NXPhotoViewController.m */ = {isa = PBXFileReference; fileEncoding = 4; lastKnownFileType = sourcecode.c.objc; path = NXPhotoViewController.m; sourceTree = "<group>"; };
		4133CBFE1971D82500E59906 /* NXPhotoCell.h */ = {isa = PBXFileReference; fileEncoding = 4; lastKnownFileType = sourcecode.c.h; path = NXPhotoCell.h; sourceTree = "<group>"; };
		4133CBFF1971D82500E59906 /* NXPhotoCell.m */ = {isa = PBXFileReference; fileEncoding = 4; lastKnownFileType = sourcecode.c.objc; path = NXPhotoCell.m; sourceTree = "<group>"; };
		41E742381972A6D200250CC8 /* NXPhotoObject.h */ = {isa = PBXFileReference; fileEncoding = 4; lastKnownFileType = sourcecode.c.h; path = NXPhotoObject.h; sourceTree = "<group>"; };
		41E742391972A6D200250CC8 /* NXPhotoObject.m */ = {isa = PBXFileReference; fileEncoding = 4; lastKnownFileType = sourcecode.c.objc; path = NXPhotoObject.m; sourceTree = "<group>"; };
		6AB54C14285040D7A19D4C5B /* libPods-NXInstagramViewer.a */ = {isa = PBXFileReference; explicitFileType = archive.ar; includeInIndex = 0; path = "libPods-NXInstagramViewer.a"; sourceTree = BUILT_PRODUCTS_DIR; };
		E5389CD7C9E2411A8EFE1EA2 /* Pods-NXInstagramViewer.xcconfig */ = {isa = PBXFileReference; includeInIndex = 1; lastKnownFileType = text.xcconfig; name = "Pods-NXInstagramViewer.xcconfig"; path = "Pods/Pods-NXInstagramViewer.xcconfig"; sourceTree = "<group>"; };
/* End PBXFileReference section */

/* Begin PBXFrameworksBuildPhase section */
		4133CBC01971A4E700E59906 /* Frameworks */ = {
			isa = PBXFrameworksBuildPhase;
			buildActionMask = 2147483647;
			files = (
				4133CBC91971A4E700E59906 /* CoreGraphics.framework in Frameworks */,
				4133CBCB1971A4E700E59906 /* UIKit.framework in Frameworks */,
				4133CBC71971A4E700E59906 /* Foundation.framework in Frameworks */,
				0A75F8F885234F53BC47BDDE /* libPods-NXInstagramViewer.a in Frameworks */,
			);
			runOnlyForDeploymentPostprocessing = 0;
		};
		4133CBDB1971A4E700E59906 /* Frameworks */ = {
			isa = PBXFrameworksBuildPhase;
			buildActionMask = 2147483647;
			files = (
				4133CBE01971A4E700E59906 /* XCTest.framework in Frameworks */,
				4133CBE21971A4E700E59906 /* UIKit.framework in Frameworks */,
				4133CBE11971A4E700E59906 /* Foundation.framework in Frameworks */,
			);
			runOnlyForDeploymentPostprocessing = 0;
		};
/* End PBXFrameworksBuildPhase section */

/* Begin PBXGroup section */
		4133CBBA1971A4E700E59906 = {
			isa = PBXGroup;
			children = (
				4133CBCC1971A4E700E59906 /* NXInstagramViewer */,
				4133CBE51971A4E700E59906 /* NXInstagramViewerTests */,
				4133CBC51971A4E700E59906 /* Frameworks */,
				4133CBC41971A4E700E59906 /* Products */,
				E5389CD7C9E2411A8EFE1EA2 /* Pods-NXInstagramViewer.xcconfig */,
			);
			sourceTree = "<group>";
		};
		4133CBC41971A4E700E59906 /* Products */ = {
			isa = PBXGroup;
			children = (
				4133CBC31971A4E700E59906 /* NXInstagramViewer.app */,
				4133CBDE1971A4E700E59906 /* NXInstagramViewerTests.xctest */,
			);
			name = Products;
			sourceTree = "<group>";
		};
		4133CBC51971A4E700E59906 /* Frameworks */ = {
			isa = PBXGroup;
			children = (
				4133CBC61971A4E700E59906 /* Foundation.framework */,
				4133CBC81971A4E700E59906 /* CoreGraphics.framework */,
				4133CBCA1971A4E700E59906 /* UIKit.framework */,
				4133CBDF1971A4E700E59906 /* XCTest.framework */,
				6AB54C14285040D7A19D4C5B /* libPods-NXInstagramViewer.a */,
			);
			name = Frameworks;
			sourceTree = "<group>";
		};
		4133CBCC1971A4E700E59906 /* NXInstagramViewer */ = {
			isa = PBXGroup;
			children = (
				4133CBD51971A4E700E59906 /* NXAppDelegate.h */,
				4133CBD61971A4E700E59906 /* NXAppDelegate.m */,
				4133CBF51971A51700E59906 /* NXRootViewController.h */,
				4133CBF61971A51700E59906 /* NXRootViewController.m */,
				4133CBFB1971C01600E59906 /* NXPhotoViewController.h */,
				4133CBFC1971C01600E59906 /* NXPhotoViewController.m */,
				4133CBD81971A4E700E59906 /* Images.xcassets */,
				4133CBCD1971A4E700E59906 /* Supporting Files */,
				4133CBFE1971D82500E59906 /* NXPhotoCell.h */,
				4133CBFF1971D82500E59906 /* NXPhotoCell.m */,
				41E742381972A6D200250CC8 /* NXPhotoObject.h */,
				41E742391972A6D200250CC8 /* NXPhotoObject.m */,
			);
			path = NXInstagramViewer;
			sourceTree = "<group>";
		};
		4133CBCD1971A4E700E59906 /* Supporting Files */ = {
			isa = PBXGroup;
			children = (
				4133CBCE1971A4E700E59906 /* NXInstagramViewer-Info.plist */,
				4133CBCF1971A4E700E59906 /* InfoPlist.strings */,
				4133CBD21971A4E700E59906 /* main.m */,
				4133CBD41971A4E700E59906 /* NXInstagramViewer-Prefix.pch */,
			);
			name = "Supporting Files";
			sourceTree = "<group>";
		};
		4133CBE51971A4E700E59906 /* NXInstagramViewerTests */ = {
			isa = PBXGroup;
			children = (
				4133CBEB1971A4E700E59906 /* NXInstagramViewerTests.m */,
				4133CBE61971A4E700E59906 /* Supporting Files */,
			);
			path = NXInstagramViewerTests;
			sourceTree = "<group>";
		};
		4133CBE61971A4E700E59906 /* Supporting Files */ = {
			isa = PBXGroup;
			children = (
				4133CBE71971A4E700E59906 /* NXInstagramViewerTests-Info.plist */,
				4133CBE81971A4E700E59906 /* InfoPlist.strings */,
			);
			name = "Supporting Files";
			sourceTree = "<group>";
		};
/* End PBXGroup section */

/* Begin PBXNativeTarget section */
		4133CBC21971A4E700E59906 /* NXInstagramViewer */ = {
			isa = PBXNativeTarget;
			buildConfigurationList = 4133CBEF1971A4E700E59906 /* Build configuration list for PBXNativeTarget "NXInstagramViewer" */;
			buildPhases = (
				8E1CDF34FEAE4C62BFE871B4 /* Check Pods Manifest.lock */,
				4133CBBF1971A4E700E59906 /* Sources */,
				4133CBC01971A4E700E59906 /* Frameworks */,
				4133CBC11971A4E700E59906 /* Resources */,
				329CA2E4C92E4F5189D6F5CB /* Copy Pods Resources */,
			);
			buildRules = (
			);
			dependencies = (
			);
			name = NXInstagramViewer;
			productName = NXInstagramViewer;
			productReference = 4133CBC31971A4E700E59906 /* NXInstagramViewer.app */;
			productType = "com.apple.product-type.application";
		};
		4133CBDD1971A4E700E59906 /* NXInstagramViewerTests */ = {
			isa = PBXNativeTarget;
			buildConfigurationList = 4133CBF21971A4E700E59906 /* Build configuration list for PBXNativeTarget "NXInstagramViewerTests" */;
			buildPhases = (
				4133CBDA1971A4E700E59906 /* Sources */,
				4133CBDB1971A4E700E59906 /* Frameworks */,
				4133CBDC1971A4E700E59906 /* Resources */,
			);
			buildRules = (
			);
			dependencies = (
				4133CBE41971A4E700E59906 /* PBXTargetDependency */,
			);
			name = NXInstagramViewerTests;
			productName = NXInstagramViewerTests;
			productReference = 4133CBDE1971A4E700E59906 /* NXInstagramViewerTests.xctest */;
			productType = "com.apple.product-type.bundle.unit-test";
		};
/* End PBXNativeTarget section */

/* Begin PBXProject section */
		4133CBBB1971A4E700E59906 /* Project object */ = {
			isa = PBXProject;
			attributes = {
				CLASSPREFIX = NX;
				LastUpgradeCheck = 0510;
				ORGANIZATIONNAME = nxtbgthng;
				TargetAttributes = {
					4133CBDD1971A4E700E59906 = {
						TestTargetID = 4133CBC21971A4E700E59906;
					};
				};
			};
			buildConfigurationList = 4133CBBE1971A4E700E59906 /* Build configuration list for PBXProject "NXInstagramViewer" */;
			compatibilityVersion = "Xcode 3.2";
			developmentRegion = English;
			hasScannedForEncodings = 0;
			knownRegions = (
				en,
			);
			mainGroup = 4133CBBA1971A4E700E59906;
			productRefGroup = 4133CBC41971A4E700E59906 /* Products */;
			projectDirPath = "";
			projectRoot = "";
			targets = (
				4133CBC21971A4E700E59906 /* NXInstagramViewer */,
				4133CBDD1971A4E700E59906 /* NXInstagramViewerTests */,
			);
		};
/* End PBXProject section */

/* Begin PBXResourcesBuildPhase section */
		4133CBC11971A4E700E59906 /* Resources */ = {
			isa = PBXResourcesBuildPhase;
			buildActionMask = 2147483647;
			files = (
				4133CBD11971A4E700E59906 /* InfoPlist.strings in Resources */,
				4133CBD91971A4E700E59906 /* Images.xcassets in Resources */,
			);
			runOnlyForDeploymentPostprocessing = 0;
		};
		4133CBDC1971A4E700E59906 /* Resources */ = {
			isa = PBXResourcesBuildPhase;
			buildActionMask = 2147483647;
			files = (
				4133CBEA1971A4E700E59906 /* InfoPlist.strings in Resources */,
			);
			runOnlyForDeploymentPostprocessing = 0;
		};
/* End PBXResourcesBuildPhase section */

/* Begin PBXShellScriptBuildPhase section */
		329CA2E4C92E4F5189D6F5CB /* Copy Pods Resources */ = {
			isa = PBXShellScriptBuildPhase;
			buildActionMask = 2147483647;
			files = (
			);
			inputPaths = (
			);
			name = "Copy Pods Resources";
			outputPaths = (
			);
			runOnlyForDeploymentPostprocessing = 0;
			shellPath = /bin/sh;
			shellScript = "\"${SRCROOT}/Pods/Pods-NXInstagramViewer-resources.sh\"\n";
			showEnvVarsInLog = 0;
		};
		8E1CDF34FEAE4C62BFE871B4 /* Check Pods Manifest.lock */ = {
			isa = PBXShellScriptBuildPhase;
			buildActionMask = 2147483647;
			files = (
			);
			inputPaths = (
			);
			name = "Check Pods Manifest.lock";
			outputPaths = (
			);
			runOnlyForDeploymentPostprocessing = 0;
			shellPath = /bin/sh;
			shellScript = "diff \"${PODS_ROOT}/../Podfile.lock\" \"${PODS_ROOT}/Manifest.lock\" > /dev/null\nif [[ $? != 0 ]] ; then\n    cat << EOM\nerror: The sandbox is not in sync with the Podfile.lock. Run 'pod install' or update your CocoaPods installation.\nEOM\n    exit 1\nfi\n";
			showEnvVarsInLog = 0;
		};
/* End PBXShellScriptBuildPhase section */

/* Begin PBXSourcesBuildPhase section */
		4133CBBF1971A4E700E59906 /* Sources */ = {
			isa = PBXSourcesBuildPhase;
			buildActionMask = 2147483647;
			files = (
				4133CC001971D82500E59906 /* NXPhotoCell.m in Sources */,
				41E7423A1972A6D200250CC8 /* NXPhotoObject.m in Sources */,
				4133CBF71971A51700E59906 /* NXRootViewController.m in Sources */,
				4133CBFD1971C01600E59906 /* NXPhotoViewController.m in Sources */,
				4133CBD71971A4E700E59906 /* NXAppDelegate.m in Sources */,
				4133CBD31971A4E700E59906 /* main.m in Sources */,
			);
			runOnlyForDeploymentPostprocessing = 0;
		};
		4133CBDA1971A4E700E59906 /* Sources */ = {
			isa = PBXSourcesBuildPhase;
			buildActionMask = 2147483647;
			files = (
				4133CBEC1971A4E700E59906 /* NXInstagramViewerTests.m in Sources */,
			);
			runOnlyForDeploymentPostprocessing = 0;
		};
/* End PBXSourcesBuildPhase section */

/* Begin PBXTargetDependency section */
		4133CBE41971A4E700E59906 /* PBXTargetDependency */ = {
			isa = PBXTargetDependency;
			target = 4133CBC21971A4E700E59906 /* NXInstagramViewer */;
			targetProxy = 4133CBE31971A4E700E59906 /* PBXContainerItemProxy */;
		};
/* End PBXTargetDependency section */

/* Begin PBXVariantGroup section */
		4133CBCF1971A4E700E59906 /* InfoPlist.strings */ = {
			isa = PBXVariantGroup;
			children = (
				4133CBD01971A4E700E59906 /* en */,
			);
			name = InfoPlist.strings;
			sourceTree = "<group>";
		};
		4133CBE81971A4E700E59906 /* InfoPlist.strings */ = {
			isa = PBXVariantGroup;
			children = (
				4133CBE91971A4E700E59906 /* en */,
			);
			name = InfoPlist.strings;
			sourceTree = "<group>";
		};
/* End PBXVariantGroup section */

/* Begin XCBuildConfiguration section */
		4133CBED1971A4E700E59906 /* Debug */ = {
			isa = XCBuildConfiguration;
			buildSettings = {
				ALWAYS_SEARCH_USER_PATHS = NO;
				CLANG_CXX_LANGUAGE_STANDARD = "gnu++0x";
				CLANG_CXX_LIBRARY = "libc++";
				CLANG_ENABLE_MODULES = YES;
				CLANG_ENABLE_OBJC_ARC = YES;
				CLANG_WARN_BOOL_CONVERSION = YES;
				CLANG_WARN_CONSTANT_CONVERSION = YES;
				CLANG_WARN_DIRECT_OBJC_ISA_USAGE = YES_ERROR;
				CLANG_WARN_EMPTY_BODY = YES;
				CLANG_WARN_ENUM_CONVERSION = YES;
				CLANG_WARN_INT_CONVERSION = YES;
				CLANG_WARN_OBJC_ROOT_CLASS = YES_ERROR;
				CLANG_WARN__DUPLICATE_METHOD_MATCH = YES;
				"CODE_SIGN_IDENTITY[sdk=iphoneos*]" = "iPhone Developer";
				COPY_PHASE_STRIP = NO;
				GCC_C_LANGUAGE_STANDARD = gnu99;
				GCC_DYNAMIC_NO_PIC = NO;
				GCC_OPTIMIZATION_LEVEL = 0;
				GCC_PREPROCESSOR_DEFINITIONS = (
					"DEBUG=1",
					"$(inherited)",
				);
				GCC_SYMBOLS_PRIVATE_EXTERN = NO;
				GCC_WARN_64_TO_32_BIT_CONVERSION = YES;
				GCC_WARN_ABOUT_RETURN_TYPE = YES_ERROR;
				GCC_WARN_UNDECLARED_SELECTOR = YES;
				GCC_WARN_UNINITIALIZED_AUTOS = YES_AGGRESSIVE;
				GCC_WARN_UNUSED_FUNCTION = YES;
				GCC_WARN_UNUSED_VARIABLE = YES;
				IPHONEOS_DEPLOYMENT_TARGET = 7.1;
				ONLY_ACTIVE_ARCH = YES;
				SDKROOT = iphoneos;
				TARGETED_DEVICE_FAMILY = 2;
			};
			name = Debug;
		};
		4133CBEE1971A4E700E59906 /* Release */ = {
			isa = XCBuildConfiguration;
			buildSettings = {
				ALWAYS_SEARCH_USER_PATHS = NO;
				CLANG_CXX_LANGUAGE_STANDARD = "gnu++0x";
				CLANG_CXX_LIBRARY = "libc++";
				CLANG_ENABLE_MODULES = YES;
				CLANG_ENABLE_OBJC_ARC = YES;
				CLANG_WARN_BOOL_CONVERSION = YES;
				CLANG_WARN_CONSTANT_CONVERSION = YES;
				CLANG_WARN_DIRECT_OBJC_ISA_USAGE = YES_ERROR;
				CLANG_WARN_EMPTY_BODY = YES;
				CLANG_WARN_ENUM_CONVERSION = YES;
				CLANG_WARN_INT_CONVERSION = YES;
				CLANG_WARN_OBJC_ROOT_CLASS = YES_ERROR;
				CLANG_WARN__DUPLICATE_METHOD_MATCH = YES;
				"CODE_SIGN_IDENTITY[sdk=iphoneos*]" = "iPhone Developer";
				COPY_PHASE_STRIP = YES;
				ENABLE_NS_ASSERTIONS = NO;
				GCC_C_LANGUAGE_STANDARD = gnu99;
				GCC_WARN_64_TO_32_BIT_CONVERSION = YES;
				GCC_WARN_ABOUT_RETURN_TYPE = YES_ERROR;
				GCC_WARN_UNDECLARED_SELECTOR = YES;
				GCC_WARN_UNINITIALIZED_AUTOS = YES_AGGRESSIVE;
				GCC_WARN_UNUSED_FUNCTION = YES;
				GCC_WARN_UNUSED_VARIABLE = YES;
				IPHONEOS_DEPLOYMENT_TARGET = 7.1;
				SDKROOT = iphoneos;
				TARGETED_DEVICE_FAMILY = 2;
				VALIDATE_PRODUCT = YES;
			};
			name = Release;
		};
		4133CBF01971A4E700E59906 /* Debug */ = {
			isa = XCBuildConfiguration;
			baseConfigurationReference = E5389CD7C9E2411A8EFE1EA2 /* Pods-NXInstagramViewer.xcconfig */;
			buildSettings = {
				ASSETCATALOG_COMPILER_APPICON_NAME = AppIcon;
				ASSETCATALOG_COMPILER_LAUNCHIMAGE_NAME = LaunchImage;
				GCC_PRECOMPILE_PREFIX_HEADER = YES;
				GCC_PREFIX_HEADER = "NXInstagramViewer/NXInstagramViewer-Prefix.pch";
				INFOPLIST_FILE = "NXInstagramViewer/NXInstagramViewer-Info.plist";
				PRODUCT_NAME = "$(TARGET_NAME)";
				WRAPPER_EXTENSION = app;
			};
			name = Debug;
		};
		4133CBF11971A4E700E59906 /* Release */ = {
			isa = XCBuildConfiguration;
			baseConfigurationReference = E5389CD7C9E2411A8EFE1EA2 /* Pods-NXInstagramViewer.xcconfig */;
			buildSettings = {
				ASSETCATALOG_COMPILER_APPICON_NAME = AppIcon;
				ASSETCATALOG_COMPILER_LAUNCHIMAGE_NAME = LaunchImage;
				GCC_PRECOMPILE_PREFIX_HEADER = YES;
				GCC_PREFIX_HEADER = "NXInstagramViewer/NXInstagramViewer-Prefix.pch";
				INFOPLIST_FILE = "NXInstagramViewer/NXInstagramViewer-Info.plist";
				PRODUCT_NAME = "$(TARGET_NAME)";
				WRAPPER_EXTENSION = app;
			};
			name = Release;
		};
		4133CBF31971A4E700E59906 /* Debug */ = {
			isa = XCBuildConfiguration;
			buildSettings = {
				BUNDLE_LOADER = "$(BUILT_PRODUCTS_DIR)/NXInstagramViewer.app/NXInstagramViewer";
				FRAMEWORK_SEARCH_PATHS = (
					"$(SDKROOT)/Developer/Library/Frameworks",
					"$(inherited)",
					"$(DEVELOPER_FRAMEWORKS_DIR)",
				);
				GCC_PRECOMPILE_PREFIX_HEADER = YES;
				GCC_PREFIX_HEADER = "NXInstagramViewer/NXInstagramViewer-Prefix.pch";
				GCC_PREPROCESSOR_DEFINITIONS = (
					"DEBUG=1",
					"$(inherited)",
				);
				INFOPLIST_FILE = "NXInstagramViewerTests/NXInstagramViewerTests-Info.plist";
				PRODUCT_NAME = "$(TARGET_NAME)";
				TEST_HOST = "$(BUNDLE_LOADER)";
				WRAPPER_EXTENSION = xctest;
			};
			name = Debug;
		};
		4133CBF41971A4E700E59906 /* Release */ = {
			isa = XCBuildConfiguration;
			buildSettings = {
				BUNDLE_LOADER = "$(BUILT_PRODUCTS_DIR)/NXInstagramViewer.app/NXInstagramViewer";
				FRAMEWORK_SEARCH_PATHS = (
					"$(SDKROOT)/Developer/Library/Frameworks",
					"$(inherited)",
					"$(DEVELOPER_FRAMEWORKS_DIR)",
				);
				GCC_PRECOMPILE_PREFIX_HEADER = YES;
				GCC_PREFIX_HEADER = "NXInstagramViewer/NXInstagramViewer-Prefix.pch";
				INFOPLIST_FILE = "NXInstagramViewerTests/NXInstagramViewerTests-Info.plist";
				PRODUCT_NAME = "$(TARGET_NAME)";
				TEST_HOST = "$(BUNDLE_LOADER)";
				WRAPPER_EXTENSION = xctest;
			};
			name = Release;
		};
/* End XCBuildConfiguration section */

/* Begin XCConfigurationList section */
		4133CBBE1971A4E700E59906 /* Build configuration list for PBXProject "NXInstagramViewer" */ = {
			isa = XCConfigurationList;
			buildConfigurations = (
				4133CBED1971A4E700E59906 /* Debug */,
				4133CBEE1971A4E700E59906 /* Release */,
			);
			defaultConfigurationIsVisible = 0;
			defaultConfigurationName = Release;
		};
		4133CBEF1971A4E700E59906 /* Build configuration list for PBXNativeTarget "NXInstagramViewer" */ = {
			isa = XCConfigurationList;
			buildConfigurations = (
				4133CBF01971A4E700E59906 /* Debug */,
				4133CBF11971A4E700E59906 /* Release */,
			);
			defaultConfigurationIsVisible = 0;
			defaultConfigurationName = Release;
		};
		4133CBF21971A4E700E59906 /* Build configuration list for PBXNativeTarget "NXInstagramViewerTests" */ = {
			isa = XCConfigurationList;
			buildConfigurations = (
				4133CBF31971A4E700E59906 /* Debug */,
				4133CBF41971A4E700E59906 /* Release */,
			);
			defaultConfigurationIsVisible = 0;
			defaultConfigurationName = Release;
		};
/* End XCConfigurationList section */
	};
	rootObject = 4133CBBB1971A4E700E59906 /* Project object */;
}
